
Microsoft Visual Studio Solution File, Format Version 12.00
# Visual Studio 15
VisualStudioVersion = 15.0.27703.2026
MinimumVisualStudioVersion = 10.0.40219.1
Project("{FAE04EC0-301F-11D3-BF4B-00C04F79EFBC}") = "HelloWorld", "HelloWorld\HelloWorld.csproj", "{09F72D0A-C02E-4272-8F40-203100C8DD8C}"
EndProject
Global
	GlobalSection(SolutionConfigurationPlatforms) = preSolution
		Debug|Any CPU = Debug|Any CPU
		Release|Any CPU = Release|Any CPU
	EndGlobalSection
	GlobalSection(ProjectConfigurationPlatforms) = postSolution
		{09F72D0A-C02E-4272-8F40-203100C8DD8C}.Debug|Any CPU.ActiveCfg = Debug|Any CPU
		{09F72D0A-C02E-4272-8F40-203100C8DD8C}.Debug|Any CPU.Build.0 = Debug|Any CPU
		{09F72D0A-C02E-4272-8F40-203100C8DD8C}.Release|Any CPU.ActiveCfg = Release|Any CPU
		{09F72D0A-C02E-4272-8F40-203100C8DD8C}.Release|Any CPU.Build.0 = Release|Any CPU
	EndGlobalSection
	GlobalSection(SolutionProperties) = preSolution
		HideSolutionNode = FALSE
	EndGlobalSection
	GlobalSection(ExtensibilityGlobals) = postSolution
		SolutionGuid = {54E138CC-B825-4170-AF6F-A8894CA902FC}
	EndGlobalSection
EndGlobal
